
Microsoft Visual Studio Solution File, Format Version 12.00
# Visual Studio Version 17
VisualStudioVersion = 17.13.35806.99 d17.13
MinimumVisualStudioVersion = 10.0.40219.1
Project("{FAE04EC0-301F-11D3-BF4B-00C04F79EFBC}") = "E-Commerce", "E-Commerce.csproj", "{16C80F10-86AE-4CE3-8F96-545ADF2D31FF}"
EndProject
Global
	GlobalSection(SolutionConfigurationPlatforms) = preSolution
		Debug|Any CPU = Debug|Any CPU
		Release|Any CPU = Release|Any CPU
	EndGlobalSection
	GlobalSection(ProjectConfigurationPlatforms) = postSolution
		{16C80F10-86AE-4CE3-8F96-545ADF2D31FF}.Debug|Any CPU.ActiveCfg = Debug|Any CPU
		{16C80F10-86AE-4CE3-8F96-545ADF2D31FF}.Debug|Any CPU.Build.0 = Debug|Any CPU
		{16C80F10-86AE-4CE3-8F96-545ADF2D31FF}.Release|Any CPU.ActiveCfg = Release|Any CPU
		{16C80F10-86AE-4CE3-8F96-545ADF2D31FF}.Release|Any CPU.Build.0 = Release|Any CPU
	EndGlobalSection
	GlobalSection(SolutionProperties) = preSolution
		HideSolutionNode = FALSE
	EndGlobalSection
	GlobalSection(ExtensibilityGlobals) = postSolution
		SolutionGuid = {5AD5C81A-C43C-489D-81EA-0351101A360D}
	EndGlobalSection
EndGlobal
